<?xml version="1.0" encoding="utf-8"?>
<Project ToolsVersion="4.0" xmlns="http://schemas.microsoft.com/developer/msbuild/2003">
  <ItemGroup>
    <ClCompile Include="src\JFFTCUDAcore.cpp">
      <Filter>Source Files</Filter>
    </ClCompile>
    <ClCompile Include="src\JFFTWcore.cpp">
      <Filter>Source Files</Filter>
    </ClCompile>
    <ClCompile Include="src\JMultiSlice.cpp">
      <Filter>Source Files</Filter>
    </ClCompile>
    <ClCompile Include="src\JMultiSliceLib.cpp">
      <Filter>Source Files</Filter>
    </ClCompile>
    <ClCompile Include="src\JProbeGen.cpp">
      <Filter>Source Files</Filter>
    </ClCompile>
    <ClCompile Include="src\stdafx.cpp">
      <Filter>Source Files</Filter>
    </ClCompile>
  </ItemGroup>
  <ItemGroup>
    <ClInclude Include="src\cu\ArrayOps.cuh">
      <Filter>Header Files</Filter>
    </ClInclude>
    <ClInclude Include="src\fcomplex.h">
      <Filter>Header Files</Filter>
    </ClInclude>
    <ClInclude Include="src\JFFTCUDAcore.h">
      <Filter>Header Files</Filter>
    </ClInclude>
    <ClInclude Include="src\JFFTWcore.h">
      <Filter>Header Files</Filter>
    </ClInclude>
    <ClInclude Include="src\JMultiSlice.h">
      <Filter>Header Files</Filter>
    </ClInclude>
    <ClInclude Include="src\JMultiSliceLib.h">
      <Filter>Header Files</Filter>
    </ClInclude>
    <ClInclude Include="src\JProbeGen.h">
      <Filter>Header Files</Filter>
    </ClInclude>
    <ClInclude Include="src\NatureConstants.h">
      <Filter>Header Files</Filter>
    </ClInclude>
    <ClInclude Include="src\stdafx.h">
      <Filter>Header Files</Filter>
    </ClInclude>
    <ClInclude Include="src\targetver.h">
      <Filter>Header Files</Filter>
    </ClInclude>
  </ItemGroup>
  <ItemGroup>
    <None Include="CUDA EULA.pdf" />
    <None Include="README.md" />
    <None Include="backup\JMSLib_BIN_Backup_181112.zip">
      <Filter>Backup</Filter>
    </None>
    <None Include="backup\JMSLib_BIN_Backup_181207.zip">
      <Filter>Backup</Filter>
    </None>
    <None Include="backup\JMSLib_PRJ_Backup_181112.zip">
      <Filter>Backup</Filter>
    </None>
    <None Include="backup\JMSLib_PRJ_Backup_181207.zip">
      <Filter>Backup</Filter>
    </None>
    <None Include="backup\JMSLib_SRC_Backup_181005.zip">
      <Filter>Backup</Filter>
    </None>
    <None Include="backup\JMSLib_SRC_Backup_181112.zip">
      <Filter>Backup</Filter>
    </None>
    <None Include="backup\JMSLib_SRC_Backup_181207.zip">
      <Filter>Backup</Filter>
    </None>
    <None Include="backup\JMSLib_BIN_Backup_181220.zip">
      <Filter>Backup</Filter>
    </None>
    <None Include="backup\JMSLib_PRJ_Backup_181220.zip">
      <Filter>Backup</Filter>
    </None>
    <None Include="backup\JMSLib_SRC_Backup_181220.zip">
      <Filter>Backup</Filter>
    </None>
  </ItemGroup>
  <ItemGroup>
    <Text Include="Changes.txt" />
    <Text Include="LICENSE" />
    <Text Include="ReadMe.txt" />
    <Text Include="ToDo.txt" />
  </ItemGroup>
  <ItemGroup>
    <Filter Include="Header Files">
      <UniqueIdentifier>{894a83e1-b516-49f1-9970-478e0ad1207e}</UniqueIdentifier>
    </Filter>
    <Filter Include="Source Files">
      <UniqueIdentifier>{3fe7cdf7-ff95-4261-8c34-256fd0ff02ce}</UniqueIdentifier>
    </Filter>
    <Filter Include="Backup">
      <UniqueIdentifier>{508b0d7c-cad8-4a23-9787-46d61d1439ac}</UniqueIdentifier>
    </Filter>
  </ItemGroup>
  <ItemGroup>
    <CudaCompile Include="src\cu\ArrayOps.cu">
      <Filter>Source Files</Filter>
    </CudaCompile>
  </ItemGroup>
</Project>